
Microsoft Visual Studio Solution File, Format Version 12.00
# Visual Studio 15
VisualStudioVersion = 15.0.26730.16
MinimumVisualStudioVersion = 10.0.40219.1
Project("{2150E333-8FDC-42A3-9474-1A3956D46DE8}") = "src", "src", "{F84321D6-5C74-4960-AC46-AED4DB263C94}"
EndProject
Project("{2150E333-8FDC-42A3-9474-1A3956D46DE8}") = "Solution Items", "Solution Items", "{4686F642-AE8F-410E-AE28-90C52CE0360D}"
	ProjectSection(SolutionItems) = preProject
		.editorconfig = .editorconfig
		.gitignore = .gitignore
		NuGet.config = NuGet.config
	EndProjectSection
EndProject
Project("{FAE04EC0-301F-11D3-BF4B-00C04F79EFBC}") = "Sannel.House.BackgroundTasks.SensorCapture", "src\Sannel.House.BackgroundTasks.SensorCapture\Sannel.House.BackgroundTasks.SensorCapture.csproj", "{65B5CFFB-B93F-4F69-BB08-E8B19806A80F}"
EndProject
Project("{FAE04EC0-301F-11D3-BF4B-00C04F79EFBC}") = "Sannel.House.SensorCaptureSDK", "src\Sannel.House.SensorCaptureSDK\Sannel.House.SensorCaptureSDK.csproj", "{EE6B0B2A-3E60-411B-B314-4AE9D462041C}"
EndProject
Project("{FAE04EC0-301F-11D3-BF4B-00C04F79EFBC}") = "Sannel.House.SensorCaptureSDK.Test", "src\Sannel.House.SensorCaptureSDK.Test\Sannel.House.SensorCaptureSDK.Test.csproj", "{6B381634-DF57-48AB-B5C3-966A82AB5CC5}"
EndProject
Project("{9A19103F-16F7-4668-BE54-9A1E7A4F7556}") = "Sannel.House.SensorCapture.Data", "src\Sannel.House.SensorCapture.Data\Sannel.House.SensorCapture.Data.csproj", "{0E7227D2-109A-450F-8E98-01B5CDC7DBEA}"
EndProject
Project("{9A19103F-16F7-4668-BE54-9A1E7A4F7556}") = "Sannel.House.SensorCapture.Common", "src\Sannel.House.SensorCapture.Common\Sannel.House.SensorCapture.Common.csproj", "{B5E19CD6-C029-4DBD-95B2-E5C65C31F01E}"
EndProject
Global
	GlobalSection(SolutionConfigurationPlatforms) = preSolution
		Debug|Any CPU = Debug|Any CPU
		Debug|ARM = Debug|ARM
		Debug|x64 = Debug|x64
		Debug|x86 = Debug|x86
		Release|Any CPU = Release|Any CPU
		Release|ARM = Release|ARM
		Release|x64 = Release|x64
		Release|x86 = Release|x86
	EndGlobalSection
	GlobalSection(ProjectConfigurationPlatforms) = postSolution
		{65B5CFFB-B93F-4F69-BB08-E8B19806A80F}.Debug|Any CPU.ActiveCfg = Debug|x86
		{65B5CFFB-B93F-4F69-BB08-E8B19806A80F}.Debug|ARM.ActiveCfg = Debug|ARM
		{65B5CFFB-B93F-4F69-BB08-E8B19806A80F}.Debug|ARM.Build.0 = Debug|ARM
		{65B5CFFB-B93F-4F69-BB08-E8B19806A80F}.Debug|ARM.Deploy.0 = Debug|ARM
		{65B5CFFB-B93F-4F69-BB08-E8B19806A80F}.Debug|x64.ActiveCfg = Debug|x64
		{65B5CFFB-B93F-4F69-BB08-E8B19806A80F}.Debug|x64.Build.0 = Debug|x64
		{65B5CFFB-B93F-4F69-BB08-E8B19806A80F}.Debug|x64.Deploy.0 = Debug|x64
		{65B5CFFB-B93F-4F69-BB08-E8B19806A80F}.Debug|x86.ActiveCfg = Debug|x86
		{65B5CFFB-B93F-4F69-BB08-E8B19806A80F}.Debug|x86.Build.0 = Debug|x86
		{65B5CFFB-B93F-4F69-BB08-E8B19806A80F}.Debug|x86.Deploy.0 = Debug|x86
		{65B5CFFB-B93F-4F69-BB08-E8B19806A80F}.Release|Any CPU.ActiveCfg = Release|x86
		{65B5CFFB-B93F-4F69-BB08-E8B19806A80F}.Release|ARM.ActiveCfg = Release|ARM
		{65B5CFFB-B93F-4F69-BB08-E8B19806A80F}.Release|ARM.Build.0 = Release|ARM
		{65B5CFFB-B93F-4F69-BB08-E8B19806A80F}.Release|ARM.Deploy.0 = Release|ARM
		{65B5CFFB-B93F-4F69-BB08-E8B19806A80F}.Release|x64.ActiveCfg = Release|x64
		{65B5CFFB-B93F-4F69-BB08-E8B19806A80F}.Release|x64.Build.0 = Release|x64
		{65B5CFFB-B93F-4F69-BB08-E8B19806A80F}.Release|x64.Deploy.0 = Release|x64
		{65B5CFFB-B93F-4F69-BB08-E8B19806A80F}.Release|x86.ActiveCfg = Release|x86
		{65B5CFFB-B93F-4F69-BB08-E8B19806A80F}.Release|x86.Build.0 = Release|x86
		{65B5CFFB-B93F-4F69-BB08-E8B19806A80F}.Release|x86.Deploy.0 = Release|x86
		{EE6B0B2A-3E60-411B-B314-4AE9D462041C}.Debug|Any CPU.ActiveCfg = Debug|Any CPU
		{EE6B0B2A-3E60-411B-B314-4AE9D462041C}.Debug|Any CPU.Build.0 = Debug|Any CPU
		{EE6B0B2A-3E60-411B-B314-4AE9D462041C}.Debug|ARM.ActiveCfg = Debug|ARM
		{EE6B0B2A-3E60-411B-B314-4AE9D462041C}.Debug|ARM.Build.0 = Debug|ARM
		{EE6B0B2A-3E60-411B-B314-4AE9D462041C}.Debug|x64.ActiveCfg = Debug|x64
		{EE6B0B2A-3E60-411B-B314-4AE9D462041C}.Debug|x64.Build.0 = Debug|x64
		{EE6B0B2A-3E60-411B-B314-4AE9D462041C}.Debug|x86.ActiveCfg = Debug|x86
		{EE6B0B2A-3E60-411B-B314-4AE9D462041C}.Debug|x86.Build.0 = Debug|x86
		{EE6B0B2A-3E60-411B-B314-4AE9D462041C}.Release|Any CPU.ActiveCfg = Release|Any CPU
		{EE6B0B2A-3E60-411B-B314-4AE9D462041C}.Release|Any CPU.Build.0 = Release|Any CPU
		{EE6B0B2A-3E60-411B-B314-4AE9D462041C}.Release|ARM.ActiveCfg = Release|ARM
		{EE6B0B2A-3E60-411B-B314-4AE9D462041C}.Release|ARM.Build.0 = Release|ARM
		{EE6B0B2A-3E60-411B-B314-4AE9D462041C}.Release|x64.ActiveCfg = Release|x64
		{EE6B0B2A-3E60-411B-B314-4AE9D462041C}.Release|x64.Build.0 = Release|x64
		{EE6B0B2A-3E60-411B-B314-4AE9D462041C}.Release|x86.ActiveCfg = Release|x86
		{EE6B0B2A-3E60-411B-B314-4AE9D462041C}.Release|x86.Build.0 = Release|x86
		{6B381634-DF57-48AB-B5C3-966A82AB5CC5}.Debug|Any CPU.ActiveCfg = Debug|x86
		{6B381634-DF57-48AB-B5C3-966A82AB5CC5}.Debug|ARM.ActiveCfg = Debug|ARM
		{6B381634-DF57-48AB-B5C3-966A82AB5CC5}.Debug|ARM.Build.0 = Debug|ARM
		{6B381634-DF57-48AB-B5C3-966A82AB5CC5}.Debug|ARM.Deploy.0 = Debug|ARM
		{6B381634-DF57-48AB-B5C3-966A82AB5CC5}.Debug|x64.ActiveCfg = Debug|x64
		{6B381634-DF57-48AB-B5C3-966A82AB5CC5}.Debug|x64.Build.0 = Debug|x64
		{6B381634-DF57-48AB-B5C3-966A82AB5CC5}.Debug|x64.Deploy.0 = Debug|x64
		{6B381634-DF57-48AB-B5C3-966A82AB5CC5}.Debug|x86.ActiveCfg = Debug|x86
		{6B381634-DF57-48AB-B5C3-966A82AB5CC5}.Debug|x86.Build.0 = Debug|x86
		{6B381634-DF57-48AB-B5C3-966A82AB5CC5}.Debug|x86.Deploy.0 = Debug|x86
		{6B381634-DF57-48AB-B5C3-966A82AB5CC5}.Release|Any CPU.ActiveCfg = Release|x86
		{6B381634-DF57-48AB-B5C3-966A82AB5CC5}.Release|ARM.ActiveCfg = Release|ARM
		{6B381634-DF57-48AB-B5C3-966A82AB5CC5}.Release|ARM.Build.0 = Release|ARM
		{6B381634-DF57-48AB-B5C3-966A82AB5CC5}.Release|ARM.Deploy.0 = Release|ARM
		{6B381634-DF57-48AB-B5C3-966A82AB5CC5}.Release|x64.ActiveCfg = Release|x64
		{6B381634-DF57-48AB-B5C3-966A82AB5CC5}.Release|x64.Build.0 = Release|x64
		{6B381634-DF57-48AB-B5C3-966A82AB5CC5}.Release|x64.Deploy.0 = Release|x64
		{6B381634-DF57-48AB-B5C3-966A82AB5CC5}.Release|x86.ActiveCfg = Release|x86
		{6B381634-DF57-48AB-B5C3-966A82AB5CC5}.Release|x86.Build.0 = Release|x86
		{6B381634-DF57-48AB-B5C3-966A82AB5CC5}.Release|x86.Deploy.0 = Release|x86
		{0E7227D2-109A-450F-8E98-01B5CDC7DBEA}.Debug|Any CPU.ActiveCfg = Debug|Any CPU
		{0E7227D2-109A-450F-8E98-01B5CDC7DBEA}.Debug|Any CPU.Build.0 = Debug|Any CPU
		{0E7227D2-109A-450F-8E98-01B5CDC7DBEA}.Debug|ARM.ActiveCfg = Debug|Any CPU
		{0E7227D2-109A-450F-8E98-01B5CDC7DBEA}.Debug|ARM.Build.0 = Debug|Any CPU
		{0E7227D2-109A-450F-8E98-01B5CDC7DBEA}.Debug|x64.ActiveCfg = Debug|Any CPU
		{0E7227D2-109A-450F-8E98-01B5CDC7DBEA}.Debug|x64.Build.0 = Debug|Any CPU
		{0E7227D2-109A-450F-8E98-01B5CDC7DBEA}.Debug|x86.ActiveCfg = Debug|Any CPU
		{0E7227D2-109A-450F-8E98-01B5CDC7DBEA}.Debug|x86.Build.0 = Debug|Any CPU
		{0E7227D2-109A-450F-8E98-01B5CDC7DBEA}.Release|Any CPU.ActiveCfg = Release|Any CPU
		{0E7227D2-109A-450F-8E98-01B5CDC7DBEA}.Release|Any CPU.Build.0 = Release|Any CPU
		{0E7227D2-109A-450F-8E98-01B5CDC7DBEA}.Release|ARM.ActiveCfg = Release|Any CPU
		{0E7227D2-109A-450F-8E98-01B5CDC7DBEA}.Release|ARM.Build.0 = Release|Any CPU
		{0E7227D2-109A-450F-8E98-01B5CDC7DBEA}.Release|x64.ActiveCfg = Release|Any CPU
		{0E7227D2-109A-450F-8E98-01B5CDC7DBEA}.Release|x64.Build.0 = Release|Any CPU
		{0E7227D2-109A-450F-8E98-01B5CDC7DBEA}.Release|x86.ActiveCfg = Release|Any CPU
		{0E7227D2-109A-450F-8E98-01B5CDC7DBEA}.Release|x86.Build.0 = Release|Any CPU
		{B5E19CD6-C029-4DBD-95B2-E5C65C31F01E}.Debug|Any CPU.ActiveCfg = Debug|Any CPU
		{B5E19CD6-C029-4DBD-95B2-E5C65C31F01E}.Debug|Any CPU.Build.0 = Debug|Any CPU
		{B5E19CD6-C029-4DBD-95B2-E5C65C31F01E}.Debug|ARM.ActiveCfg = Debug|Any CPU
		{B5E19CD6-C029-4DBD-95B2-E5C65C31F01E}.Debug|ARM.Build.0 = Debug|Any CPU
		{B5E19CD6-C029-4DBD-95B2-E5C65C31F01E}.Debug|x64.ActiveCfg = Debug|Any CPU
		{B5E19CD6-C029-4DBD-95B2-E5C65C31F01E}.Debug|x64.Build.0 = Debug|Any CPU
		{B5E19CD6-C029-4DBD-95B2-E5C65C31F01E}.Debug|x86.ActiveCfg = Debug|Any CPU
		{B5E19CD6-C029-4DBD-95B2-E5C65C31F01E}.Debug|x86.Build.0 = Debug|Any CPU
		{B5E19CD6-C029-4DBD-95B2-E5C65C31F01E}.Release|Any CPU.ActiveCfg = Release|Any CPU
		{B5E19CD6-C029-4DBD-95B2-E5C65C31F01E}.Release|Any CPU.Build.0 = Release|Any CPU
		{B5E19CD6-C029-4DBD-95B2-E5C65C31F01E}.Release|ARM.ActiveCfg = Release|Any CPU
		{B5E19CD6-C029-4DBD-95B2-E5C65C31F01E}.Release|ARM.Build.0 = Release|Any CPU
		{B5E19CD6-C029-4DBD-95B2-E5C65C31F01E}.Release|x64.ActiveCfg = Release|Any CPU
		{B5E19CD6-C029-4DBD-95B2-E5C65C31F01E}.Release|x64.Build.0 = Release|Any CPU
		{B5E19CD6-C029-4DBD-95B2-E5C65C31F01E}.Release|x86.ActiveCfg = Release|Any CPU
		{B5E19CD6-C029-4DBD-95B2-E5C65C31F01E}.Release|x86.Build.0 = Release|Any CPU
	EndGlobalSection
	GlobalSection(SolutionProperties) = preSolution
		HideSolutionNode = FALSE
	EndGlobalSection
	GlobalSection(NestedProjects) = preSolution
		{65B5CFFB-B93F-4F69-BB08-E8B19806A80F} = {F84321D6-5C74-4960-AC46-AED4DB263C94}
		{EE6B0B2A-3E60-411B-B314-4AE9D462041C} = {F84321D6-5C74-4960-AC46-AED4DB263C94}
		{6B381634-DF57-48AB-B5C3-966A82AB5CC5} = {F84321D6-5C74-4960-AC46-AED4DB263C94}
		{0E7227D2-109A-450F-8E98-01B5CDC7DBEA} = {F84321D6-5C74-4960-AC46-AED4DB263C94}
		{B5E19CD6-C029-4DBD-95B2-E5C65C31F01E} = {F84321D6-5C74-4960-AC46-AED4DB263C94}
	EndGlobalSection
	GlobalSection(ExtensibilityGlobals) = postSolution
		SolutionGuid = {3F7BF5B5-4E5E-4E6A-B05A-2FC9F234C33E}
	EndGlobalSection
EndGlobal
